// !$*UTF8*$!
{
	archiveVersion = 1;
	classes = {
	};
	objectVersion = 46;
	objects = {

/* Begin PBXBuildFile section */
		4794AFBA1AB840BC00E91DC1 /* LogKit.swift in Sources */ = {isa = PBXBuildFile; fileRef = 4794AFB71AB840BC00E91DC1 /* LogKit.swift */; };
		4794AFBB1AB840BC00E91DC1 /* LogMessage.swift in Sources */ = {isa = PBXBuildFile; fileRef = 4794AFB81AB840BC00E91DC1 /* LogMessage.swift */; };
		4794AFBC1AB840BC00E91DC1 /* LogDestination.swift in Sources */ = {isa = PBXBuildFile; fileRef = 4794AFB91AB840BC00E91DC1 /* LogDestination.swift */; };
		4794AFBE1AB8410E00E91DC1 /* LogKitTests.swift in Sources */ = {isa = PBXBuildFile; fileRef = 4794AFBD1AB8410E00E91DC1 /* LogKitTests.swift */; };
		F23B46371AAE27AC00BBFB7A /* LogKit.h in Headers */ = {isa = PBXBuildFile; fileRef = F23B46361AAE27AC00BBFB7A /* LogKit.h */; settings = {ATTRIBUTES = (Public, ); }; };
		F23B463D1AAE27AC00BBFB7A /* LogKit.framework in Frameworks */ = {isa = PBXBuildFile; fileRef = F23B46311AAE27AC00BBFB7A /* LogKit.framework */; };
		F23BD0101AD6C237005AFD69 /* LogMessageEncoder.swift in Sources */ = {isa = PBXBuildFile; fileRef = F23BD00F1AD6C237005AFD69 /* LogMessageEncoder.swift */; };
		F23BD0131AD6C436005AFD69 /* XcodeColorsEncoder.swift in Sources */ = {isa = PBXBuildFile; fileRef = F23BD0121AD6C436005AFD69 /* XcodeColorsEncoder.swift */; };
		F23BD0151AD6C564005AFD69 /* LogMessageFormatter.swift in Sources */ = {isa = PBXBuildFile; fileRef = F23BD0141AD6C564005AFD69 /* LogMessageFormatter.swift */; };
		F2A70BC91ABB3C74001FEE0D /* LogKitOperators.swift in Sources */ = {isa = PBXBuildFile; fileRef = F2A70BC81ABB3C74001FEE0D /* LogKitOperators.swift */; };
		F2A70BCB1ABB3CB5001FEE0D /* LogKitConvenience.swift in Sources */ = {isa = PBXBuildFile; fileRef = F2A70BCA1ABB3CB5001FEE0D /* LogKitConvenience.swift */; };
		F2A70BD11ABB3D52001FEE0D /* LogLevel.swift in Sources */ = {isa = PBXBuildFile; fileRef = F2A70BD01ABB3D52001FEE0D /* LogLevel.swift */; };
		F2A70BD31ABB3E8A001FEE0D /* TestLogDestination.swift in Sources */ = {isa = PBXBuildFile; fileRef = F2A70BD21ABB3E8A001FEE0D /* TestLogDestination.swift */; };
		F2E5EC551AB95D65006A7946 /* LogKitElement.swift in Sources */ = {isa = PBXBuildFile; fileRef = F2E5EC541AB95D65006A7946 /* LogKitElement.swift */; };
		F2E5EC571AB96081006A7946 /* LogDestinationConsole.swift in Sources */ = {isa = PBXBuildFile; fileRef = F2E5EC561AB96081006A7946 /* LogDestinationConsole.swift */; };
/* End PBXBuildFile section */

/* Begin PBXContainerItemProxy section */
		F23B463E1AAE27AC00BBFB7A /* PBXContainerItemProxy */ = {
			isa = PBXContainerItemProxy;
			containerPortal = F23B46281AAE27AC00BBFB7A /* Project object */;
			proxyType = 1;
			remoteGlobalIDString = F23B46301AAE27AC00BBFB7A;
			remoteInfo = LogKit;
		};
/* End PBXContainerItemProxy section */

/* Begin PBXFileReference section */
		4794AFB71AB840BC00E91DC1 /* LogKit.swift */ = {isa = PBXFileReference; fileEncoding = 4; lastKnownFileType = sourcecode.swift; path = LogKit.swift; sourceTree = "<group>"; };
		4794AFB81AB840BC00E91DC1 /* LogMessage.swift */ = {isa = PBXFileReference; fileEncoding = 4; lastKnownFileType = sourcecode.swift; path = LogMessage.swift; sourceTree = "<group>"; };
		4794AFB91AB840BC00E91DC1 /* LogDestination.swift */ = {isa = PBXFileReference; fileEncoding = 4; lastKnownFileType = sourcecode.swift; path = LogDestination.swift; sourceTree = "<group>"; };
		4794AFBD1AB8410E00E91DC1 /* LogKitTests.swift */ = {isa = PBXFileReference; fileEncoding = 4; lastKnownFileType = sourcecode.swift; path = LogKitTests.swift; sourceTree = "<group>"; };
		F23B46311AAE27AC00BBFB7A /* LogKit.framework */ = {isa = PBXFileReference; explicitFileType = wrapper.framework; includeInIndex = 0; path = LogKit.framework; sourceTree = BUILT_PRODUCTS_DIR; };
		F23B46351AAE27AC00BBFB7A /* Info.plist */ = {isa = PBXFileReference; lastKnownFileType = text.plist.xml; path = Info.plist; sourceTree = "<group>"; };
		F23B46361AAE27AC00BBFB7A /* LogKit.h */ = {isa = PBXFileReference; lastKnownFileType = sourcecode.c.h; path = LogKit.h; sourceTree = "<group>"; };
		F23B463C1AAE27AC00BBFB7A /* LogKitTests.xctest */ = {isa = PBXFileReference; explicitFileType = wrapper.cfbundle; includeInIndex = 0; path = LogKitTests.xctest; sourceTree = BUILT_PRODUCTS_DIR; };
		F23B46421AAE27AC00BBFB7A /* Info.plist */ = {isa = PBXFileReference; lastKnownFileType = text.plist.xml; path = Info.plist; sourceTree = "<group>"; };
		F23B464F1AAE29AF00BBFB7A /* README.md */ = {isa = PBXFileReference; explicitFileType = compiled; path = README.md; sourceTree = "<group>"; };
		F23BD00F1AD6C237005AFD69 /* LogMessageEncoder.swift */ = {isa = PBXFileReference; fileEncoding = 4; lastKnownFileType = sourcecode.swift; path = LogMessageEncoder.swift; sourceTree = "<group>"; };
		F23BD0121AD6C436005AFD69 /* XcodeColorsEncoder.swift */ = {isa = PBXFileReference; fileEncoding = 4; lastKnownFileType = sourcecode.swift; path = XcodeColorsEncoder.swift; sourceTree = "<group>"; };
		F23BD0141AD6C564005AFD69 /* LogMessageFormatter.swift */ = {isa = PBXFileReference; fileEncoding = 4; lastKnownFileType = sourcecode.swift; path = LogMessageFormatter.swift; sourceTree = "<group>"; };
		F274B4231AD66BFF006B12B7 /* LogKit Tutorial.playground */ = {isa = PBXFileReference; lastKnownFileType = file.playground; path = "LogKit Tutorial.playground"; sourceTree = "<group>"; };
		F2A70BC81ABB3C74001FEE0D /* LogKitOperators.swift */ = {isa = PBXFileReference; fileEncoding = 4; lastKnownFileType = sourcecode.swift; path = LogKitOperators.swift; sourceTree = "<group>"; };
		F2A70BCA1ABB3CB5001FEE0D /* LogKitConvenience.swift */ = {isa = PBXFileReference; fileEncoding = 4; lastKnownFileType = sourcecode.swift; path = LogKitConvenience.swift; sourceTree = "<group>"; };
		F2A70BD01ABB3D52001FEE0D /* LogLevel.swift */ = {isa = PBXFileReference; fileEncoding = 4; lastKnownFileType = sourcecode.swift; path = LogLevel.swift; sourceTree = "<group>"; };
		F2A70BD21ABB3E8A001FEE0D /* TestLogDestination.swift */ = {isa = PBXFileReference; fileEncoding = 4; lastKnownFileType = sourcecode.swift; path = TestLogDestination.swift; sourceTree = "<group>"; };
		F2E5EC541AB95D65006A7946 /* LogKitElement.swift */ = {isa = PBXFileReference; fileEncoding = 4; lastKnownFileType = sourcecode.swift; path = LogKitElement.swift; sourceTree = "<group>"; };
		F2E5EC561AB96081006A7946 /* LogDestinationConsole.swift */ = {isa = PBXFileReference; fileEncoding = 4; lastKnownFileType = sourcecode.swift; path = LogDestinationConsole.swift; sourceTree = "<group>"; };
/* End PBXFileReference section */

/* Begin PBXFrameworksBuildPhase section */
		F23B462D1AAE27AC00BBFB7A /* Frameworks */ = {
			isa = PBXFrameworksBuildPhase;
			buildActionMask = 2147483647;
			files = (
			);
			runOnlyForDeploymentPostprocessing = 0;
		};
		F23B46391AAE27AC00BBFB7A /* Frameworks */ = {
			isa = PBXFrameworksBuildPhase;
			buildActionMask = 2147483647;
			files = (
				F23B463D1AAE27AC00BBFB7A /* LogKit.framework in Frameworks */,
			);
			runOnlyForDeploymentPostprocessing = 0;
		};
/* End PBXFrameworksBuildPhase section */

/* Begin PBXGroup section */
		F23B46271AAE27AC00BBFB7A = {
			isa = PBXGroup;
			children = (
				F274B4231AD66BFF006B12B7 /* LogKit Tutorial.playground */,
				F23B464F1AAE29AF00BBFB7A /* README.md */,
				F23B46331AAE27AC00BBFB7A /* LogKit */,
				F23B46401AAE27AC00BBFB7A /* LogKitTests */,
				F23B46321AAE27AC00BBFB7A /* Products */,
			);
			sourceTree = "<group>";
		};
		F23B46321AAE27AC00BBFB7A /* Products */ = {
			isa = PBXGroup;
			children = (
				F23B46311AAE27AC00BBFB7A /* LogKit.framework */,
				F23B463C1AAE27AC00BBFB7A /* LogKitTests.xctest */,
			);
			name = Products;
			sourceTree = "<group>";
		};
		F23B46331AAE27AC00BBFB7A /* LogKit */ = {
			isa = PBXGroup;
			children = (
				F23BD0111AD6C422005AFD69 /* Formatters and Encoders */,
				F2A70BCD1ABB3D13001FEE0D /* Log Destinations */,
				F2A70BCC1ABB3CE8001FEE0D /* Core */,
				F23B46361AAE27AC00BBFB7A /* LogKit.h */,
				F23B46341AAE27AC00BBFB7A /* Supporting Files */,
			);
			path = LogKit;
			sourceTree = "<group>";
		};
		F23B46341AAE27AC00BBFB7A /* Supporting Files */ = {
			isa = PBXGroup;
			children = (
				F23B46351AAE27AC00BBFB7A /* Info.plist */,
			);
			name = "Supporting Files";
			sourceTree = "<group>";
		};
		F23B46401AAE27AC00BBFB7A /* LogKitTests */ = {
			isa = PBXGroup;
			children = (
				4794AFBD1AB8410E00E91DC1 /* LogKitTests.swift */,
				F2A70BD21ABB3E8A001FEE0D /* TestLogDestination.swift */,
				F23B46411AAE27AC00BBFB7A /* Supporting Files */,
			);
			path = LogKitTests;
			sourceTree = "<group>";
		};
		F23B46411AAE27AC00BBFB7A /* Supporting Files */ = {
			isa = PBXGroup;
			children = (
				F23B46421AAE27AC00BBFB7A /* Info.plist */,
			);
			name = "Supporting Files";
			sourceTree = "<group>";
		};
		F23BD0111AD6C422005AFD69 /* Formatters and Encoders */ = {
			isa = PBXGroup;
			children = (
				F23BD0121AD6C436005AFD69 /* XcodeColorsEncoder.swift */,
			);
			name = "Formatters and Encoders";
			sourceTree = "<group>";
		};
		F2A70BCC1ABB3CE8001FEE0D /* Core */ = {
			isa = PBXGroup;
			children = (
				4794AFB71AB840BC00E91DC1 /* LogKit.swift */,
				F2A70BCA1ABB3CB5001FEE0D /* LogKitConvenience.swift */,
				F2A70BC81ABB3C74001FEE0D /* LogKitOperators.swift */,
				F2E5EC541AB95D65006A7946 /* LogKitElement.swift */,
				4794AFB81AB840BC00E91DC1 /* LogMessage.swift */,
				F2A70BD01ABB3D52001FEE0D /* LogLevel.swift */,
				F23BD00F1AD6C237005AFD69 /* LogMessageEncoder.swift */,
				F23BD0141AD6C564005AFD69 /* LogMessageFormatter.swift */,
			);
			name = Core;
			sourceTree = "<group>";
		};
		F2A70BCD1ABB3D13001FEE0D /* Log Destinations */ = {
			isa = PBXGroup;
			children = (
				4794AFB91AB840BC00E91DC1 /* LogDestination.swift */,
				F2E5EC561AB96081006A7946 /* LogDestinationConsole.swift */,
			);
			name = "Log Destinations";
			sourceTree = "<group>";
		};
/* End PBXGroup section */

/* Begin PBXHeadersBuildPhase section */
		F23B462E1AAE27AC00BBFB7A /* Headers */ = {
			isa = PBXHeadersBuildPhase;
			buildActionMask = 2147483647;
			files = (
				F23B46371AAE27AC00BBFB7A /* LogKit.h in Headers */,
			);
			runOnlyForDeploymentPostprocessing = 0;
		};
/* End PBXHeadersBuildPhase section */

/* Begin PBXNativeTarget section */
		F23B46301AAE27AC00BBFB7A /* LogKit */ = {
			isa = PBXNativeTarget;
			buildConfigurationList = F23B46471AAE27AC00BBFB7A /* Build configuration list for PBXNativeTarget "LogKit" */;
			buildPhases = (
				F23B462C1AAE27AC00BBFB7A /* Sources */,
				F23B462D1AAE27AC00BBFB7A /* Frameworks */,
				F23B462E1AAE27AC00BBFB7A /* Headers */,
				F23B462F1AAE27AC00BBFB7A /* Resources */,
			);
			buildRules = (
			);
			dependencies = (
			);
			name = LogKit;
			productName = LogKit;
			productReference = F23B46311AAE27AC00BBFB7A /* LogKit.framework */;
			productType = "com.apple.product-type.framework";
		};
		F23B463B1AAE27AC00BBFB7A /* LogKitTests */ = {
			isa = PBXNativeTarget;
			buildConfigurationList = F23B464A1AAE27AC00BBFB7A /* Build configuration list for PBXNativeTarget "LogKitTests" */;
			buildPhases = (
				F23B46381AAE27AC00BBFB7A /* Sources */,
				F23B46391AAE27AC00BBFB7A /* Frameworks */,
				F23B463A1AAE27AC00BBFB7A /* Resources */,
			);
			buildRules = (
			);
			dependencies = (
				F23B463F1AAE27AC00BBFB7A /* PBXTargetDependency */,
			);
			name = LogKitTests;
			productName = LogKitTests;
			productReference = F23B463C1AAE27AC00BBFB7A /* LogKitTests.xctest */;
			productType = "com.apple.product-type.bundle.unit-test";
		};
/* End PBXNativeTarget section */

/* Begin PBXProject section */
		F23B46281AAE27AC00BBFB7A /* Project object */ = {
			isa = PBXProject;
			attributes = {
				LastUpgradeCheck = 0630;
				ORGANIZATIONNAME = "Robbert Brandsma";
				TargetAttributes = {
					F23B46301AAE27AC00BBFB7A = {
						CreatedOnToolsVersion = 6.3;
					};
					F23B463B1AAE27AC00BBFB7A = {
						CreatedOnToolsVersion = 6.3;
					};
				};
			};
			buildConfigurationList = F23B462B1AAE27AC00BBFB7A /* Build configuration list for PBXProject "LogKit" */;
			compatibilityVersion = "Xcode 3.2";
			developmentRegion = English;
			hasScannedForEncodings = 0;
			knownRegions = (
				en,
			);
			mainGroup = F23B46271AAE27AC00BBFB7A;
			productRefGroup = F23B46321AAE27AC00BBFB7A /* Products */;
			projectDirPath = "";
			projectRoot = "";
			targets = (
				F23B46301AAE27AC00BBFB7A /* LogKit */,
				F23B463B1AAE27AC00BBFB7A /* LogKitTests */,
			);
		};
/* End PBXProject section */

/* Begin PBXResourcesBuildPhase section */
		F23B462F1AAE27AC00BBFB7A /* Resources */ = {
			isa = PBXResourcesBuildPhase;
			buildActionMask = 2147483647;
			files = (
			);
			runOnlyForDeploymentPostprocessing = 0;
		};
		F23B463A1AAE27AC00BBFB7A /* Resources */ = {
			isa = PBXResourcesBuildPhase;
			buildActionMask = 2147483647;
			files = (
			);
			runOnlyForDeploymentPostprocessing = 0;
		};
/* End PBXResourcesBuildPhase section */

/* Begin PBXSourcesBuildPhase section */
		F23B462C1AAE27AC00BBFB7A /* Sources */ = {
			isa = PBXSourcesBuildPhase;
			buildActionMask = 2147483647;
			files = (
				F23BD0131AD6C436005AFD69 /* XcodeColorsEncoder.swift in Sources */,
				4794AFBB1AB840BC00E91DC1 /* LogMessage.swift in Sources */,
				F2A70BC91ABB3C74001FEE0D /* LogKitOperators.swift in Sources */,
				F2E5EC571AB96081006A7946 /* LogDestinationConsole.swift in Sources */,
				F23BD0101AD6C237005AFD69 /* LogMessageEncoder.swift in Sources */,
				F2A70BD11ABB3D52001FEE0D /* LogLevel.swift in Sources */,
				4794AFBC1AB840BC00E91DC1 /* LogDestination.swift in Sources */,
				F2A70BCB1ABB3CB5001FEE0D /* LogKitConvenience.swift in Sources */,
				F23BD0151AD6C564005AFD69 /* LogMessageFormatter.swift in Sources */,
				F2E5EC551AB95D65006A7946 /* LogKitElement.swift in Sources */,
				4794AFBA1AB840BC00E91DC1 /* LogKit.swift in Sources */,
			);
			runOnlyForDeploymentPostprocessing = 0;
		};
		F23B46381AAE27AC00BBFB7A /* Sources */ = {
			isa = PBXSourcesBuildPhase;
			buildActionMask = 2147483647;
			files = (
				4794AFBE1AB8410E00E91DC1 /* LogKitTests.swift in Sources */,
				F2A70BD31ABB3E8A001FEE0D /* TestLogDestination.swift in Sources */,
			);
			runOnlyForDeploymentPostprocessing = 0;
		};
/* End PBXSourcesBuildPhase section */

/* Begin PBXTargetDependency section */
		F23B463F1AAE27AC00BBFB7A /* PBXTargetDependency */ = {
			isa = PBXTargetDependency;
			target = F23B46301AAE27AC00BBFB7A /* LogKit */;
			targetProxy = F23B463E1AAE27AC00BBFB7A /* PBXContainerItemProxy */;
		};
/* End PBXTargetDependency section */

/* Begin XCBuildConfiguration section */
		F23B46451AAE27AC00BBFB7A /* Debug */ = {
			isa = XCBuildConfiguration;
			buildSettings = {
				ALWAYS_SEARCH_USER_PATHS = NO;
				CLANG_CXX_LANGUAGE_STANDARD = "gnu++0x";
				CLANG_CXX_LIBRARY = "libc++";
				CLANG_ENABLE_MODULES = YES;
				CLANG_ENABLE_OBJC_ARC = YES;
				CLANG_WARN_BOOL_CONVERSION = YES;
				CLANG_WARN_CONSTANT_CONVERSION = YES;
				CLANG_WARN_DIRECT_OBJC_ISA_USAGE = YES_ERROR;
				CLANG_WARN_EMPTY_BODY = YES;
				CLANG_WARN_ENUM_CONVERSION = YES;
				CLANG_WARN_INT_CONVERSION = YES;
				CLANG_WARN_OBJC_ROOT_CLASS = YES_ERROR;
				CLANG_WARN_UNREACHABLE_CODE = YES;
				CLANG_WARN__DUPLICATE_METHOD_MATCH = YES;
				"CODE_SIGN_IDENTITY[sdk=iphoneos*]" = "iPhone Developer";
				COPY_PHASE_STRIP = NO;
				CURRENT_PROJECT_VERSION = 1;
				DEBUG_INFORMATION_FORMAT = dwarf;
				ENABLE_STRICT_OBJC_MSGSEND = YES;
				GCC_C_LANGUAGE_STANDARD = gnu99;
				GCC_DYNAMIC_NO_PIC = NO;
				GCC_NO_COMMON_BLOCKS = YES;
				GCC_OPTIMIZATION_LEVEL = 0;
				GCC_PREPROCESSOR_DEFINITIONS = (
					"DEBUG=1",
					"$(inherited)",
				);
				GCC_SYMBOLS_PRIVATE_EXTERN = NO;
				GCC_WARN_64_TO_32_BIT_CONVERSION = YES;
				GCC_WARN_ABOUT_RETURN_TYPE = YES_ERROR;
				GCC_WARN_UNDECLARED_SELECTOR = YES;
				GCC_WARN_UNINITIALIZED_AUTOS = YES_AGGRESSIVE;
				GCC_WARN_UNUSED_FUNCTION = YES;
				GCC_WARN_UNUSED_VARIABLE = YES;
				IPHONEOS_DEPLOYMENT_TARGET = 8.3;
				MTL_ENABLE_DEBUG_INFO = YES;
				ONLY_ACTIVE_ARCH = YES;
				SDKROOT = iphoneos;
				SWIFT_OPTIMIZATION_LEVEL = "-Onone";
				TARGETED_DEVICE_FAMILY = "1,2";
				VERSIONING_SYSTEM = "apple-generic";
				VERSION_INFO_PREFIX = "";
			};
			name = Debug;
		};
		F23B46461AAE27AC00BBFB7A /* Release */ = {
			isa = XCBuildConfiguration;
			buildSettings = {
				ALWAYS_SEARCH_USER_PATHS = NO;
				CLANG_CXX_LANGUAGE_STANDARD = "gnu++0x";
				CLANG_CXX_LIBRARY = "libc++";
				CLANG_ENABLE_MODULES = YES;
				CLANG_ENABLE_OBJC_ARC = YES;
				CLANG_WARN_BOOL_CONVERSION = YES;
				CLANG_WARN_CONSTANT_CONVERSION = YES;
				CLANG_WARN_DIRECT_OBJC_ISA_USAGE = YES_ERROR;
				CLANG_WARN_EMPTY_BODY = YES;
				CLANG_WARN_ENUM_CONVERSION = YES;
				CLANG_WARN_INT_CONVERSION = YES;
				CLANG_WARN_OBJC_ROOT_CLASS = YES_ERROR;
				CLANG_WARN_UNREACHABLE_CODE = YES;
				CLANG_WARN__DUPLICATE_METHOD_MATCH = YES;
				"CODE_SIGN_IDENTITY[sdk=iphoneos*]" = "iPhone Developer";
				COPY_PHASE_STRIP = NO;
				CURRENT_PROJECT_VERSION = 1;
				DEBUG_INFORMATION_FORMAT = "dwarf-with-dsym";
				ENABLE_NS_ASSERTIONS = NO;
				ENABLE_STRICT_OBJC_MSGSEND = YES;
				GCC_C_LANGUAGE_STANDARD = gnu99;
				GCC_NO_COMMON_BLOCKS = YES;
				GCC_WARN_64_TO_32_BIT_CONVERSION = YES;
				GCC_WARN_ABOUT_RETURN_TYPE = YES_ERROR;
				GCC_WARN_UNDECLARED_SELECTOR = YES;
				GCC_WARN_UNINITIALIZED_AUTOS = YES_AGGRESSIVE;
				GCC_WARN_UNUSED_FUNCTION = YES;
				GCC_WARN_UNUSED_VARIABLE = YES;
				IPHONEOS_DEPLOYMENT_TARGET = 8.3;
				MTL_ENABLE_DEBUG_INFO = NO;
				SDKROOT = iphoneos;
				TARGETED_DEVICE_FAMILY = "1,2";
				VALIDATE_PRODUCT = YES;
				VERSIONING_SYSTEM = "apple-generic";
				VERSION_INFO_PREFIX = "";
			};
			name = Release;
		};
		F23B46481AAE27AC00BBFB7A /* Debug */ = {
			isa = XCBuildConfiguration;
			buildSettings = {
				APPLICATION_EXTENSION_API_ONLY = YES;
				CLANG_ENABLE_MODULES = YES;
				DEFINES_MODULE = YES;
				DYLIB_COMPATIBILITY_VERSION = 1;
				DYLIB_CURRENT_VERSION = 1;
				DYLIB_INSTALL_NAME_BASE = "@rpath";
				INFOPLIST_FILE = LogKit/Info.plist;
				INSTALL_PATH = "$(LOCAL_LIBRARY_DIR)/Frameworks";
				IPHONEOS_DEPLOYMENT_TARGET = 8.0;
				LD_RUNPATH_SEARCH_PATHS = "$(inherited) @executable_path/Frameworks @loader_path/Frameworks";
				PRODUCT_NAME = "$(TARGET_NAME)";
				SKIP_INSTALL = YES;
				SWIFT_OPTIMIZATION_LEVEL = "-Onone";
			};
			name = Debug;
		};
		F23B46491AAE27AC00BBFB7A /* Release */ = {
			isa = XCBuildConfiguration;
			buildSettings = {
				APPLICATION_EXTENSION_API_ONLY = YES;
				CLANG_ENABLE_MODULES = YES;
				DEFINES_MODULE = YES;
				DYLIB_COMPATIBILITY_VERSION = 1;
				DYLIB_CURRENT_VERSION = 1;
				DYLIB_INSTALL_NAME_BASE = "@rpath";
				INFOPLIST_FILE = LogKit/Info.plist;
				INSTALL_PATH = "$(LOCAL_LIBRARY_DIR)/Frameworks";
				IPHONEOS_DEPLOYMENT_TARGET = 8.0;
				LD_RUNPATH_SEARCH_PATHS = "$(inherited) @executable_path/Frameworks @loader_path/Frameworks";
				PRODUCT_NAME = "$(TARGET_NAME)";
				SKIP_INSTALL = YES;
			};
			name = Release;
		};
		F23B464B1AAE27AC00BBFB7A /* Debug */ = {
			isa = XCBuildConfiguration;
			buildSettings = {
				CLANG_ENABLE_MODULES = YES;
				FRAMEWORK_SEARCH_PATHS = (
					"$(SDKROOT)/Developer/Library/Frameworks",
					"$(inherited)",
				);
				GCC_PREPROCESSOR_DEFINITIONS = (
					"DEBUG=1",
					"$(inherited)",
				);
				INFOPLIST_FILE = LogKitTests/Info.plist;
				LD_RUNPATH_SEARCH_PATHS = "$(inherited) @executable_path/Frameworks @loader_path/Frameworks";
				PRODUCT_NAME = "$(TARGET_NAME)";
				SWIFT_OPTIMIZATION_LEVEL = "-Onone";
			};
			name = Debug;
		};
		F23B464C1AAE27AC00BBFB7A /* Release */ = {
			isa = XCBuildConfiguration;
			buildSettings = {
				CLANG_ENABLE_MODULES = YES;
				FRAMEWORK_SEARCH_PATHS = (
					"$(SDKROOT)/Developer/Library/Frameworks",
					"$(inherited)",
				);
				INFOPLIST_FILE = LogKitTests/Info.plist;
				LD_RUNPATH_SEARCH_PATHS = "$(inherited) @executable_path/Frameworks @loader_path/Frameworks";
				PRODUCT_NAME = "$(TARGET_NAME)";
			};
			name = Release;
		};
/* End XCBuildConfiguration section */

/* Begin XCConfigurationList section */
		F23B462B1AAE27AC00BBFB7A /* Build configuration list for PBXProject "LogKit" */ = {
			isa = XCConfigurationList;
			buildConfigurations = (
				F23B46451AAE27AC00BBFB7A /* Debug */,
				F23B46461AAE27AC00BBFB7A /* Release */,
			);
			defaultConfigurationIsVisible = 0;
			defaultConfigurationName = Release;
		};
		F23B46471AAE27AC00BBFB7A /* Build configuration list for PBXNativeTarget "LogKit" */ = {
			isa = XCConfigurationList;
			buildConfigurations = (
				F23B46481AAE27AC00BBFB7A /* Debug */,
				F23B46491AAE27AC00BBFB7A /* Release */,
			);
			defaultConfigurationIsVisible = 0;
			defaultConfigurationName = Release;
		};
		F23B464A1AAE27AC00BBFB7A /* Build configuration list for PBXNativeTarget "LogKitTests" */ = {
			isa = XCConfigurationList;
			buildConfigurations = (
				F23B464B1AAE27AC00BBFB7A /* Debug */,
				F23B464C1AAE27AC00BBFB7A /* Release */,
			);
			defaultConfigurationIsVisible = 0;
			defaultConfigurationName = Release;
		};
/* End XCConfigurationList section */
	};
	rootObject = F23B46281AAE27AC00BBFB7A /* Project object */;
}
